// !$*UTF8*$!
{
	archiveVersion = 1;
	classes = {
	};
	objectVersion = 46;
	objects = {

/* Begin PBXBuildFile section */
		7BD7E759195DE43100AE6259 /* Foundation.framework in Frameworks */ = {isa = PBXBuildFile; fileRef = 7BD7E758195DE43100AE6259 /* Foundation.framework */; };
		7BD7E75B195DE43100AE6259 /* CoreGraphics.framework in Frameworks */ = {isa = PBXBuildFile; fileRef = 7BD7E75A195DE43100AE6259 /* CoreGraphics.framework */; };
		7BD7E75D195DE43100AE6259 /* UIKit.framework in Frameworks */ = {isa = PBXBuildFile; fileRef = 7BD7E75C195DE43100AE6259 /* UIKit.framework */; };
		7BD7E763195DE43100AE6259 /* InfoPlist.strings in Resources */ = {isa = PBXBuildFile; fileRef = 7BD7E761195DE43100AE6259 /* InfoPlist.strings */; };
		7BD7E765195DE43100AE6259 /* main.m in Sources */ = {isa = PBXBuildFile; fileRef = 7BD7E764195DE43100AE6259 /* main.m */; };
		7BD7E769195DE43100AE6259 /* TFAppDelegate.m in Sources */ = {isa = PBXBuildFile; fileRef = 7BD7E768195DE43100AE6259 /* TFAppDelegate.m */; };
		7BD7E76C195DE43100AE6259 /* Main.storyboard in Resources */ = {isa = PBXBuildFile; fileRef = 7BD7E76A195DE43100AE6259 /* Main.storyboard */; };
		7BD7E76F195DE43100AE6259 /* TFViewController.m in Sources */ = {isa = PBXBuildFile; fileRef = 7BD7E76E195DE43100AE6259 /* TFViewController.m */; };
		7BD7E771195DE43100AE6259 /* Images.xcassets in Resources */ = {isa = PBXBuildFile; fileRef = 7BD7E770195DE43100AE6259 /* Images.xcassets */; };
		7BD7E778195DE43100AE6259 /* XCTest.framework in Frameworks */ = {isa = PBXBuildFile; fileRef = 7BD7E777195DE43100AE6259 /* XCTest.framework */; };
		7BD7E779195DE43100AE6259 /* Foundation.framework in Frameworks */ = {isa = PBXBuildFile; fileRef = 7BD7E758195DE43100AE6259 /* Foundation.framework */; };
		7BD7E77A195DE43100AE6259 /* UIKit.framework in Frameworks */ = {isa = PBXBuildFile; fileRef = 7BD7E75C195DE43100AE6259 /* UIKit.framework */; };
		7BD7E782195DE43100AE6259 /* InfoPlist.strings in Resources */ = {isa = PBXBuildFile; fileRef = 7BD7E780195DE43100AE6259 /* InfoPlist.strings */; };
		7BD7E784195DE43100AE6259 /* URLSchemeAppTests.m in Sources */ = {isa = PBXBuildFile; fileRef = 7BD7E783195DE43100AE6259 /* URLSchemeAppTests.m */; };
/* End PBXBuildFile section */

/* Begin PBXContainerItemProxy section */
		7BD7E77B195DE43100AE6259 /* PBXContainerItemProxy */ = {
			isa = PBXContainerItemProxy;
			containerPortal = 7BD7E74D195DE43100AE6259 /* Project object */;
			proxyType = 1;
			remoteGlobalIDString = 7BD7E754195DE43100AE6259;
			remoteInfo = URLSchemeApp;
		};
/* End PBXContainerItemProxy section */

/* Begin PBXFileReference section */
		7BD7E755195DE43100AE6259 /* URLSchemeApp.app */ = {isa = PBXFileReference; explicitFileType = wrapper.application; includeInIndex = 0; path = URLSchemeApp.app; sourceTree = BUILT_PRODUCTS_DIR; };
		7BD7E758195DE43100AE6259 /* Foundation.framework */ = {isa = PBXFileReference; lastKnownFileType = wrapper.framework; name = Foundation.framework; path = System/Library/Frameworks/Foundation.framework; sourceTree = SDKROOT; };
		7BD7E75A195DE43100AE6259 /* CoreGraphics.framework */ = {isa = PBXFileReference; lastKnownFileType = wrapper.framework; name = CoreGraphics.framework; path = System/Library/Frameworks/CoreGraphics.framework; sourceTree = SDKROOT; };
		7BD7E75C195DE43100AE6259 /* UIKit.framework */ = {isa = PBXFileReference; lastKnownFileType = wrapper.framework; name = UIKit.framework; path = System/Library/Frameworks/UIKit.framework; sourceTree = SDKROOT; };
		7BD7E760195DE43100AE6259 /* URLSchemeApp-Info.plist */ = {isa = PBXFileReference; lastKnownFileType = text.plist.xml; path = "URLSchemeApp-Info.plist"; sourceTree = "<group>"; };
		7BD7E762195DE43100AE6259 /* en */ = {isa = PBXFileReference; lastKnownFileType = text.plist.strings; name = en; path = en.lproj/InfoPlist.strings; sourceTree = "<group>"; };
		7BD7E764195DE43100AE6259 /* main.m */ = {isa = PBXFileReference; lastKnownFileType = sourcecode.c.objc; path = main.m; sourceTree = "<group>"; };
		7BD7E766195DE43100AE6259 /* URLSchemeApp-Prefix.pch */ = {isa = PBXFileReference; lastKnownFileType = sourcecode.c.h; path = "URLSchemeApp-Prefix.pch"; sourceTree = "<group>"; };
		7BD7E767195DE43100AE6259 /* TFAppDelegate.h */ = {isa = PBXFileReference; lastKnownFileType = sourcecode.c.h; path = TFAppDelegate.h; sourceTree = "<group>"; };
		7BD7E768195DE43100AE6259 /* TFAppDelegate.m */ = {isa = PBXFileReference; lastKnownFileType = sourcecode.c.objc; path = TFAppDelegate.m; sourceTree = "<group>"; };
		7BD7E76B195DE43100AE6259 /* Base */ = {isa = PBXFileReference; lastKnownFileType = file.storyboard; name = Base; path = Base.lproj/Main.storyboard; sourceTree = "<group>"; };
		7BD7E76D195DE43100AE6259 /* TFViewController.h */ = {isa = PBXFileReference; lastKnownFileType = sourcecode.c.h; path = TFViewController.h; sourceTree = "<group>"; };
		7BD7E76E195DE43100AE6259 /* TFViewController.m */ = {isa = PBXFileReference; lastKnownFileType = sourcecode.c.objc; path = TFViewController.m; sourceTree = "<group>"; };
		7BD7E770195DE43100AE6259 /* Images.xcassets */ = {isa = PBXFileReference; lastKnownFileType = folder.assetcatalog; path = Images.xcassets; sourceTree = "<group>"; };
		7BD7E776195DE43100AE6259 /* URLSchemeAppTests.xctest */ = {isa = PBXFileReference; explicitFileType = wrapper.cfbundle; includeInIndex = 0; path = URLSchemeAppTests.xctest; sourceTree = BUILT_PRODUCTS_DIR; };
		7BD7E777195DE43100AE6259 /* XCTest.framework */ = {isa = PBXFileReference; lastKnownFileType = wrapper.framework; name = XCTest.framework; path = Library/Frameworks/XCTest.framework; sourceTree = DEVELOPER_DIR; };
		7BD7E77F195DE43100AE6259 /* URLSchemeAppTests-Info.plist */ = {isa = PBXFileReference; lastKnownFileType = text.plist.xml; path = "URLSchemeAppTests-Info.plist"; sourceTree = "<group>"; };
		7BD7E781195DE43100AE6259 /* en */ = {isa = PBXFileReference; lastKnownFileType = text.plist.strings; name = en; path = en.lproj/InfoPlist.strings; sourceTree = "<group>"; };
		7BD7E783195DE43100AE6259 /* URLSchemeAppTests.m */ = {isa = PBXFileReference; lastKnownFileType = sourcecode.c.objc; path = URLSchemeAppTests.m; sourceTree = "<group>"; };
/* End PBXFileReference section */

/* Begin PBXFrameworksBuildPhase section */
		7BD7E752195DE43100AE6259 /* Frameworks */ = {
			isa = PBXFrameworksBuildPhase;
			buildActionMask = 2147483647;
			files = (
				7BD7E75B195DE43100AE6259 /* CoreGraphics.framework in Frameworks */,
				7BD7E75D195DE43100AE6259 /* UIKit.framework in Frameworks */,
				7BD7E759195DE43100AE6259 /* Foundation.framework in Frameworks */,
			);
			runOnlyForDeploymentPostprocessing = 0;
		};
		7BD7E773195DE43100AE6259 /* Frameworks */ = {
			isa = PBXFrameworksBuildPhase;
			buildActionMask = 2147483647;
			files = (
				7BD7E778195DE43100AE6259 /* XCTest.framework in Frameworks */,
				7BD7E77A195DE43100AE6259 /* UIKit.framework in Frameworks */,
				7BD7E779195DE43100AE6259 /* Foundation.framework in Frameworks */,
			);
			runOnlyForDeploymentPostprocessing = 0;
		};
/* End PBXFrameworksBuildPhase section */

/* Begin PBXGroup section */
		7BD7E74C195DE43100AE6259 = {
			isa = PBXGroup;
			children = (
				7BD7E75E195DE43100AE6259 /* URLSchemeApp */,
				7BD7E77D195DE43100AE6259 /* URLSchemeAppTests */,
				7BD7E757195DE43100AE6259 /* Frameworks */,
				7BD7E756195DE43100AE6259 /* Products */,
			);
			sourceTree = "<group>";
		};
		7BD7E756195DE43100AE6259 /* Products */ = {
			isa = PBXGroup;
			children = (
				7BD7E755195DE43100AE6259 /* URLSchemeApp.app */,
				7BD7E776195DE43100AE6259 /* URLSchemeAppTests.xctest */,
			);
			name = Products;
			sourceTree = "<group>";
		};
		7BD7E757195DE43100AE6259 /* Frameworks */ = {
			isa = PBXGroup;
			children = (
				7BD7E758195DE43100AE6259 /* Foundation.framework */,
				7BD7E75A195DE43100AE6259 /* CoreGraphics.framework */,
				7BD7E75C195DE43100AE6259 /* UIKit.framework */,
				7BD7E777195DE43100AE6259 /* XCTest.framework */,
			);
			name = Frameworks;
			sourceTree = "<group>";
		};
		7BD7E75E195DE43100AE6259 /* URLSchemeApp */ = {
			isa = PBXGroup;
			children = (
				7BD7E767195DE43100AE6259 /* TFAppDelegate.h */,
				7BD7E768195DE43100AE6259 /* TFAppDelegate.m */,
				7BD7E76A195DE43100AE6259 /* Main.storyboard */,
				7BD7E76D195DE43100AE6259 /* TFViewController.h */,
				7BD7E76E195DE43100AE6259 /* TFViewController.m */,
				7BD7E770195DE43100AE6259 /* Images.xcassets */,
				7BD7E75F195DE43100AE6259 /* Supporting Files */,
			);
			path = URLSchemeApp;
			sourceTree = "<group>";
		};
		7BD7E75F195DE43100AE6259 /* Supporting Files */ = {
			isa = PBXGroup;
			children = (
				7BD7E760195DE43100AE6259 /* URLSchemeApp-Info.plist */,
				7BD7E761195DE43100AE6259 /* InfoPlist.strings */,
				7BD7E764195DE43100AE6259 /* main.m */,
				7BD7E766195DE43100AE6259 /* URLSchemeApp-Prefix.pch */,
			);
			name = "Supporting Files";
			sourceTree = "<group>";
		};
		7BD7E77D195DE43100AE6259 /* URLSchemeAppTests */ = {
			isa = PBXGroup;
			children = (
				7BD7E783195DE43100AE6259 /* URLSchemeAppTests.m */,
				7BD7E77E195DE43100AE6259 /* Supporting Files */,
			);
			path = URLSchemeAppTests;
			sourceTree = "<group>";
		};
		7BD7E77E195DE43100AE6259 /* Supporting Files */ = {
			isa = PBXGroup;
			children = (
				7BD7E77F195DE43100AE6259 /* URLSchemeAppTests-Info.plist */,
				7BD7E780195DE43100AE6259 /* InfoPlist.strings */,
			);
			name = "Supporting Files";
			sourceTree = "<group>";
		};
/* End PBXGroup section */

/* Begin PBXNativeTarget section */
		7BD7E754195DE43100AE6259 /* URLSchemeApp */ = {
			isa = PBXNativeTarget;
			buildConfigurationList = 7BD7E787195DE43100AE6259 /* Build configuration list for PBXNativeTarget "URLSchemeApp" */;
			buildPhases = (
				7BD7E751195DE43100AE6259 /* Sources */,
				7BD7E752195DE43100AE6259 /* Frameworks */,
				7BD7E753195DE43100AE6259 /* Resources */,
			);
			buildRules = (
			);
			dependencies = (
			);
			name = URLSchemeApp;
			productName = URLSchemeApp;
			productReference = 7BD7E755195DE43100AE6259 /* URLSchemeApp.app */;
			productType = "com.apple.product-type.application";
		};
		7BD7E775195DE43100AE6259 /* URLSchemeAppTests */ = {
			isa = PBXNativeTarget;
			buildConfigurationList = 7BD7E78A195DE43100AE6259 /* Build configuration list for PBXNativeTarget "URLSchemeAppTests" */;
			buildPhases = (
				7BD7E772195DE43100AE6259 /* Sources */,
				7BD7E773195DE43100AE6259 /* Frameworks */,
				7BD7E774195DE43100AE6259 /* Resources */,
			);
			buildRules = (
			);
			dependencies = (
				7BD7E77C195DE43100AE6259 /* PBXTargetDependency */,
			);
			name = URLSchemeAppTests;
			productName = URLSchemeAppTests;
			productReference = 7BD7E776195DE43100AE6259 /* URLSchemeAppTests.xctest */;
			productType = "com.apple.product-type.bundle.unit-test";
		};
/* End PBXNativeTarget section */

/* Begin PBXProject section */
		7BD7E74D195DE43100AE6259 /* Project object */ = {
			isa = PBXProject;
			attributes = {
				CLASSPREFIX = TF;
				LastUpgradeCheck = 0510;
				ORGANIZATIONNAME = "Michael Dattolo";
				TargetAttributes = {
					7BD7E775195DE43100AE6259 = {
						TestTargetID = 7BD7E754195DE43100AE6259;
					};
				};
			};
			buildConfigurationList = 7BD7E750195DE43100AE6259 /* Build configuration list for PBXProject "URLSchemeApp" */;
			compatibilityVersion = "Xcode 3.2";
			developmentRegion = English;
			hasScannedForEncodings = 0;
			knownRegions = (
				en,
				Base,
			);
			mainGroup = 7BD7E74C195DE43100AE6259;
			productRefGroup = 7BD7E756195DE43100AE6259 /* Products */;
			projectDirPath = "";
			projectRoot = "";
			targets = (
				7BD7E754195DE43100AE6259 /* URLSchemeApp */,
				7BD7E775195DE43100AE6259 /* URLSchemeAppTests */,
			);
		};
/* End PBXProject section */

/* Begin PBXResourcesBuildPhase section */
		7BD7E753195DE43100AE6259 /* Resources */ = {
			isa = PBXResourcesBuildPhase;
			buildActionMask = 2147483647;
			files = (
				7BD7E771195DE43100AE6259 /* Images.xcassets in Resources */,
				7BD7E763195DE43100AE6259 /* InfoPlist.strings in Resources */,
				7BD7E76C195DE43100AE6259 /* Main.storyboard in Resources */,
			);
			runOnlyForDeploymentPostprocessing = 0;
		};
		7BD7E774195DE43100AE6259 /* Resources */ = {
			isa = PBXResourcesBuildPhase;
			buildActionMask = 2147483647;
			files = (
				7BD7E782195DE43100AE6259 /* InfoPlist.strings in Resources */,
			);
			runOnlyForDeploymentPostprocessing = 0;
		};
/* End PBXResourcesBuildPhase section */

/* Begin PBXSourcesBuildPhase section */
		7BD7E751195DE43100AE6259 /* Sources */ = {
			isa = PBXSourcesBuildPhase;
			buildActionMask = 2147483647;
			files = (
				7BD7E76F195DE43100AE6259 /* TFViewController.m in Sources */,
				7BD7E769195DE43100AE6259 /* TFAppDelegate.m in Sources */,
				7BD7E765195DE43100AE6259 /* main.m in Sources */,
			);
			runOnlyForDeploymentPostprocessing = 0;
		};
		7BD7E772195DE43100AE6259 /* Sources */ = {
			isa = PBXSourcesBuildPhase;
			buildActionMask = 2147483647;
			files = (
				7BD7E784195DE43100AE6259 /* URLSchemeAppTests.m in Sources */,
			);
			runOnlyForDeploymentPostprocessing = 0;
		};
/* End PBXSourcesBuildPhase section */

/* Begin PBXTargetDependency section */
		7BD7E77C195DE43100AE6259 /* PBXTargetDependency */ = {
			isa = PBXTargetDependency;
			target = 7BD7E754195DE43100AE6259 /* URLSchemeApp */;
			targetProxy = 7BD7E77B195DE43100AE6259 /* PBXContainerItemProxy */;
		};
/* End PBXTargetDependency section */

/* Begin PBXVariantGroup section */
		7BD7E761195DE43100AE6259 /* InfoPlist.strings */ = {
			isa = PBXVariantGroup;
			children = (
				7BD7E762195DE43100AE6259 /* en */,
			);
			name = InfoPlist.strings;
			sourceTree = "<group>";
		};
		7BD7E76A195DE43100AE6259 /* Main.storyboard */ = {
			isa = PBXVariantGroup;
			children = (
				7BD7E76B195DE43100AE6259 /* Base */,
			);
			name = Main.storyboard;
			sourceTree = "<group>";
		};
		7BD7E780195DE43100AE6259 /* InfoPlist.strings */ = {
			isa = PBXVariantGroup;
			children = (
				7BD7E781195DE43100AE6259 /* en */,
			);
			name = InfoPlist.strings;
			sourceTree = "<group>";
		};
/* End PBXVariantGroup section */

/* Begin XCBuildConfiguration section */
		7BD7E785195DE43100AE6259 /* Debug */ = {
			isa = XCBuildConfiguration;
			buildSettings = {
				ALWAYS_SEARCH_USER_PATHS = NO;
				CLANG_CXX_LANGUAGE_STANDARD = "gnu++0x";
				CLANG_CXX_LIBRARY = "libc++";
				CLANG_ENABLE_MODULES = YES;
				CLANG_ENABLE_OBJC_ARC = YES;
				CLANG_WARN_BOOL_CONVERSION = YES;
				CLANG_WARN_CONSTANT_CONVERSION = YES;
				CLANG_WARN_DIRECT_OBJC_ISA_USAGE = YES_ERROR;
				CLANG_WARN_EMPTY_BODY = YES;
				CLANG_WARN_ENUM_CONVERSION = YES;
				CLANG_WARN_INT_CONVERSION = YES;
				CLANG_WARN_OBJC_ROOT_CLASS = YES_ERROR;
				CLANG_WARN__DUPLICATE_METHOD_MATCH = YES;
				"CODE_SIGN_IDENTITY[sdk=iphoneos*]" = "iPhone Developer";
				COPY_PHASE_STRIP = NO;
				GCC_C_LANGUAGE_STANDARD = gnu99;
				GCC_DYNAMIC_NO_PIC = NO;
				GCC_OPTIMIZATION_LEVEL = 0;
				GCC_PREPROCESSOR_DEFINITIONS = (
					"DEBUG=1",
					"$(inherited)",
				);
				GCC_SYMBOLS_PRIVATE_EXTERN = NO;
				GCC_WARN_64_TO_32_BIT_CONVERSION = YES;
				GCC_WARN_ABOUT_RETURN_TYPE = YES_ERROR;
				GCC_WARN_UNDECLARED_SELECTOR = YES;
				GCC_WARN_UNINITIALIZED_AUTOS = YES_AGGRESSIVE;
				GCC_WARN_UNUSED_FUNCTION = YES;
				GCC_WARN_UNUSED_VARIABLE = YES;
				IPHONEOS_DEPLOYMENT_TARGET = 7.1;
				ONLY_ACTIVE_ARCH = YES;
				SDKROOT = iphoneos;
			};
			name = Debug;
		};
		7BD7E786195DE43100AE6259 /* Release */ = {
			isa = XCBuildConfiguration;
			buildSettings = {
				ALWAYS_SEARCH_USER_PATHS = NO;
				CLANG_CXX_LANGUAGE_STANDARD = "gnu++0x";
				CLANG_CXX_LIBRARY = "libc++";
				CLANG_ENABLE_MODULES = YES;
				CLANG_ENABLE_OBJC_ARC = YES;
				CLANG_WARN_BOOL_CONVERSION = YES;
				CLANG_WARN_CONSTANT_CONVERSION = YES;
				CLANG_WARN_DIRECT_OBJC_ISA_USAGE = YES_ERROR;
				CLANG_WARN_EMPTY_BODY = YES;
				CLANG_WARN_ENUM_CONVERSION = YES;
				CLANG_WARN_INT_CONVERSION = YES;
				CLANG_WARN_OBJC_ROOT_CLASS = YES_ERROR;
				CLANG_WARN__DUPLICATE_METHOD_MATCH = YES;
				"CODE_SIGN_IDENTITY[sdk=iphoneos*]" = "iPhone Developer";
				COPY_PHASE_STRIP = YES;
				ENABLE_NS_ASSERTIONS = NO;
				GCC_C_LANGUAGE_STANDARD = gnu99;
				GCC_WARN_64_TO_32_BIT_CONVERSION = YES;
				GCC_WARN_ABOUT_RETURN_TYPE = YES_ERROR;
				GCC_WARN_UNDECLARED_SELECTOR = YES;
				GCC_WARN_UNINITIALIZED_AUTOS = YES_AGGRESSIVE;
				GCC_WARN_UNUSED_FUNCTION = YES;
				GCC_WARN_UNUSED_VARIABLE = YES;
				IPHONEOS_DEPLOYMENT_TARGET = 7.1;
				SDKROOT = iphoneos;
				VALIDATE_PRODUCT = YES;
			};
			name = Release;
		};
		7BD7E788195DE43100AE6259 /* Debug */ = {
			isa = XCBuildConfiguration;
			buildSettings = {
				ASSETCATALOG_COMPILER_APPICON_NAME = AppIcon;
				ASSETCATALOG_COMPILER_LAUNCHIMAGE_NAME = LaunchImage;
				GCC_PRECOMPILE_PREFIX_HEADER = YES;
				GCC_PREFIX_HEADER = "URLSchemeApp/URLSchemeApp-Prefix.pch";
				INFOPLIST_FILE = "URLSchemeApp/URLSchemeApp-Info.plist";
				PRODUCT_NAME = "$(TARGET_NAME)";
				WRAPPER_EXTENSION = app;
			};
			name = Debug;
		};
		7BD7E789195DE43100AE6259 /* Release */ = {
			isa = XCBuildConfiguration;
			buildSettings = {
				ASSETCATALOG_COMPILER_APPICON_NAME = AppIcon;
				ASSETCATALOG_COMPILER_LAUNCHIMAGE_NAME = LaunchImage;
				GCC_PRECOMPILE_PREFIX_HEADER = YES;
				GCC_PREFIX_HEADER = "URLSchemeApp/URLSchemeApp-Prefix.pch";
				INFOPLIST_FILE = "URLSchemeApp/URLSchemeApp-Info.plist";
				PRODUCT_NAME = "$(TARGET_NAME)";
				WRAPPER_EXTENSION = app;
			};
			name = Release;
		};
		7BD7E78B195DE43100AE6259 /* Debug */ = {
			isa = XCBuildConfiguration;
			buildSettings = {
				BUNDLE_LOADER = "$(BUILT_PRODUCTS_DIR)/URLSchemeApp.app/URLSchemeApp";
				FRAMEWORK_SEARCH_PATHS = (
					"$(SDKROOT)/Developer/Library/Frameworks",
					"$(inherited)",
					"$(DEVELOPER_FRAMEWORKS_DIR)",
				);
				GCC_PRECOMPILE_PREFIX_HEADER = YES;
				GCC_PREFIX_HEADER = "URLSchemeApp/URLSchemeApp-Prefix.pch";
				GCC_PREPROCESSOR_DEFINITIONS = (
					"DEBUG=1",
					"$(inherited)",
				);
				INFOPLIST_FILE = "URLSchemeAppTests/URLSchemeAppTests-Info.plist";
				PRODUCT_NAME = "$(TARGET_NAME)";
				TEST_HOST = "$(BUNDLE_LOADER)";
				WRAPPER_EXTENSION = xctest;
			};
			name = Debug;
		};
		7BD7E78C195DE43100AE6259 /* Release */ = {
			isa = XCBuildConfiguration;
			buildSettings = {
				BUNDLE_LOADER = "$(BUILT_PRODUCTS_DIR)/URLSchemeApp.app/URLSchemeApp";
				FRAMEWORK_SEARCH_PATHS = (
					"$(SDKROOT)/Developer/Library/Frameworks",
					"$(inherited)",
					"$(DEVELOPER_FRAMEWORKS_DIR)",
				);
				GCC_PRECOMPILE_PREFIX_HEADER = YES;
				GCC_PREFIX_HEADER = "URLSchemeApp/URLSchemeApp-Prefix.pch";
				INFOPLIST_FILE = "URLSchemeAppTests/URLSchemeAppTests-Info.plist";
				PRODUCT_NAME = "$(TARGET_NAME)";
				TEST_HOST = "$(BUNDLE_LOADER)";
				WRAPPER_EXTENSION = xctest;
			};
			name = Release;
		};
/* End XCBuildConfiguration section */

/* Begin XCConfigurationList section */
		7BD7E750195DE43100AE6259 /* Build configuration list for PBXProject "URLSchemeApp" */ = {
			isa = XCConfigurationList;
			buildConfigurations = (
				7BD7E785195DE43100AE6259 /* Debug */,
				7BD7E786195DE43100AE6259 /* Release */,
			);
			defaultConfigurationIsVisible = 0;
			defaultConfigurationName = Release;
		};
		7BD7E787195DE43100AE6259 /* Build configuration list for PBXNativeTarget "URLSchemeApp" */ = {
			isa = XCConfigurationList;
			buildConfigurations = (
				7BD7E788195DE43100AE6259 /* Debug */,
				7BD7E789195DE43100AE6259 /* Release */,
			);
			defaultConfigurationIsVisible = 0;
		};
		7BD7E78A195DE43100AE6259 /* Build configuration list for PBXNativeTarget "URLSchemeAppTests" */ = {
			isa = XCConfigurationList;
			buildConfigurations = (
				7BD7E78B195DE43100AE6259 /* Debug */,
				7BD7E78C195DE43100AE6259 /* Release */,
			);
			defaultConfigurationIsVisible = 0;
		};
/* End XCConfigurationList section */
	};
	rootObject = 7BD7E74D195DE43100AE6259 /* Project object */;
}
